// !$*UTF8*$!
{
	archiveVersion = 1;
	classes = {
	};
	objectVersion = 46;
	objects = {

/* Begin PBXBuildFile section */
		931DCCA3C8317DBCA67C510E /* libPods-SendBirdChatObjC.a in Frameworks */ = {isa = PBXBuildFile; fileRef = E28AC6A69751E26A61CE41E4 /* libPods-SendBirdChatObjC.a */; };
		FFA494291D639F3600AA1F38 /* main.m in Sources */ = {isa = PBXBuildFile; fileRef = FFA494281D639F3600AA1F38 /* main.m */; };
		FFA4942C1D639F3600AA1F38 /* AppDelegate.m in Sources */ = {isa = PBXBuildFile; fileRef = FFA4942B1D639F3600AA1F38 /* AppDelegate.m */; };
		FFA494321D639F3600AA1F38 /* Main.storyboard in Resources */ = {isa = PBXBuildFile; fileRef = FFA494301D639F3600AA1F38 /* Main.storyboard */; };
		FFA494341D639F3600AA1F38 /* Assets.xcassets in Resources */ = {isa = PBXBuildFile; fileRef = FFA494331D639F3600AA1F38 /* Assets.xcassets */; };
		FFA494371D639F3600AA1F38 /* LaunchScreen.storyboard in Resources */ = {isa = PBXBuildFile; fileRef = FFA494351D639F3600AA1F38 /* LaunchScreen.storyboard */; };
		FFA494401D639F7A00AA1F38 /* ChatHomeViewController.m in Sources */ = {isa = PBXBuildFile; fileRef = FFA4943F1D639F7A00AA1F38 /* ChatHomeViewController.m */; };
		FFA494431D639F9800AA1F38 /* JSQSBMessage.m in Sources */ = {isa = PBXBuildFile; fileRef = FFA494421D639F9800AA1F38 /* JSQSBMessage.m */; };
		FFA494471D639FBB00AA1F38 /* AgoraViewController.m in Sources */ = {isa = PBXBuildFile; fileRef = FFA494461D639FBB00AA1F38 /* AgoraViewController.m */; };
		FFA4944A1D639FCB00AA1F38 /* ChatFriendsTableViewController.m in Sources */ = {isa = PBXBuildFile; fileRef = FFA494491D639FCB00AA1F38 /* ChatFriendsTableViewController.m */; };
		FFA4944D1D639FD700AA1F38 /* DirectChatViewController.m in Sources */ = {isa = PBXBuildFile; fileRef = FFA4944C1D639FD700AA1F38 /* DirectChatViewController.m */; };
/* End PBXBuildFile section */

/* Begin PBXFileReference section */
		90192E2C191AF2A7148C461B /* Pods-SendBirdChatObjC.release.xcconfig */ = {isa = PBXFileReference; includeInIndex = 1; lastKnownFileType = text.xcconfig; name = "Pods-SendBirdChatObjC.release.xcconfig"; path = "Pods/Target Support Files/Pods-SendBirdChatObjC/Pods-SendBirdChatObjC.release.xcconfig"; sourceTree = "<group>"; };
		BF3212A4430E7EBFD2E5112A /* Pods-SendBirdChatObjC.debug.xcconfig */ = {isa = PBXFileReference; includeInIndex = 1; lastKnownFileType = text.xcconfig; name = "Pods-SendBirdChatObjC.debug.xcconfig"; path = "Pods/Target Support Files/Pods-SendBirdChatObjC/Pods-SendBirdChatObjC.debug.xcconfig"; sourceTree = "<group>"; };
		E28AC6A69751E26A61CE41E4 /* libPods-SendBirdChatObjC.a */ = {isa = PBXFileReference; explicitFileType = archive.ar; includeInIndex = 0; path = "libPods-SendBirdChatObjC.a"; sourceTree = BUILT_PRODUCTS_DIR; };
		FFA494241D639F3600AA1F38 /* SendBirdChatObjC.app */ = {isa = PBXFileReference; explicitFileType = wrapper.application; includeInIndex = 0; path = SendBirdChatObjC.app; sourceTree = BUILT_PRODUCTS_DIR; };
		FFA494281D639F3600AA1F38 /* main.m */ = {isa = PBXFileReference; lastKnownFileType = sourcecode.c.objc; path = main.m; sourceTree = "<group>"; };
		FFA4942A1D639F3600AA1F38 /* AppDelegate.h */ = {isa = PBXFileReference; lastKnownFileType = sourcecode.c.h; path = AppDelegate.h; sourceTree = "<group>"; };
		FFA4942B1D639F3600AA1F38 /* AppDelegate.m */ = {isa = PBXFileReference; lastKnownFileType = sourcecode.c.objc; path = AppDelegate.m; sourceTree = "<group>"; };
		FFA494311D639F3600AA1F38 /* Base */ = {isa = PBXFileReference; lastKnownFileType = file.storyboard; name = Base; path = Base.lproj/Main.storyboard; sourceTree = "<group>"; };
		FFA494331D639F3600AA1F38 /* Assets.xcassets */ = {isa = PBXFileReference; lastKnownFileType = folder.assetcatalog; path = Assets.xcassets; sourceTree = "<group>"; };
		FFA494361D639F3600AA1F38 /* Base */ = {isa = PBXFileReference; lastKnownFileType = file.storyboard; name = Base; path = Base.lproj/LaunchScreen.storyboard; sourceTree = "<group>"; };
		FFA494381D639F3600AA1F38 /* Info.plist */ = {isa = PBXFileReference; lastKnownFileType = text.plist.xml; path = Info.plist; sourceTree = "<group>"; };
		FFA4943E1D639F7A00AA1F38 /* ChatHomeViewController.h */ = {isa = PBXFileReference; fileEncoding = 4; lastKnownFileType = sourcecode.c.h; path = ChatHomeViewController.h; sourceTree = "<group>"; };
		FFA4943F1D639F7A00AA1F38 /* ChatHomeViewController.m */ = {isa = PBXFileReference; fileEncoding = 4; lastKnownFileType = sourcecode.c.objc; path = ChatHomeViewController.m; sourceTree = "<group>"; };
		FFA494411D639F9800AA1F38 /* JSQSBMessage.h */ = {isa = PBXFileReference; fileEncoding = 4; lastKnownFileType = sourcecode.c.h; path = JSQSBMessage.h; sourceTree = "<group>"; };
		FFA494421D639F9800AA1F38 /* JSQSBMessage.m */ = {isa = PBXFileReference; fileEncoding = 4; lastKnownFileType = sourcecode.c.objc; path = JSQSBMessage.m; sourceTree = "<group>"; };
		FFA494451D639FBB00AA1F38 /* AgoraViewController.h */ = {isa = PBXFileReference; fileEncoding = 4; lastKnownFileType = sourcecode.c.h; path = AgoraViewController.h; sourceTree = "<group>"; };
		FFA494461D639FBB00AA1F38 /* AgoraViewController.m */ = {isa = PBXFileReference; fileEncoding = 4; lastKnownFileType = sourcecode.c.objc; path = AgoraViewController.m; sourceTree = "<group>"; };
		FFA494481D639FCB00AA1F38 /* ChatFriendsTableViewController.h */ = {isa = PBXFileReference; fileEncoding = 4; lastKnownFileType = sourcecode.c.h; path = ChatFriendsTableViewController.h; sourceTree = "<group>"; };
		FFA494491D639FCB00AA1F38 /* ChatFriendsTableViewController.m */ = {isa = PBXFileReference; fileEncoding = 4; lastKnownFileType = sourcecode.c.objc; path = ChatFriendsTableViewController.m; sourceTree = "<group>"; };
		FFA4944B1D639FD700AA1F38 /* DirectChatViewController.h */ = {isa = PBXFileReference; fileEncoding = 4; lastKnownFileType = sourcecode.c.h; path = DirectChatViewController.h; sourceTree = "<group>"; };
		FFA4944C1D639FD700AA1F38 /* DirectChatViewController.m */ = {isa = PBXFileReference; fileEncoding = 4; lastKnownFileType = sourcecode.c.objc; path = DirectChatViewController.m; sourceTree = "<group>"; };
/* End PBXFileReference section */

/* Begin PBXFrameworksBuildPhase section */
		FFA494211D639F3600AA1F38 /* Frameworks */ = {
			isa = PBXFrameworksBuildPhase;
			buildActionMask = 2147483647;
			files = (
				931DCCA3C8317DBCA67C510E /* libPods-SendBirdChatObjC.a in Frameworks */,
			);
			runOnlyForDeploymentPostprocessing = 0;
		};
/* End PBXFrameworksBuildPhase section */

/* Begin PBXGroup section */
		89D2F49287EAF7A2ADE79101 /* Pods */ = {
			isa = PBXGroup;
			children = (
				BF3212A4430E7EBFD2E5112A /* Pods-SendBirdChatObjC.debug.xcconfig */,
				90192E2C191AF2A7148C461B /* Pods-SendBirdChatObjC.release.xcconfig */,
			);
			name = Pods;
			sourceTree = "<group>";
		};
		B8DAD6AE60728F31660EC5A2 /* Frameworks */ = {
			isa = PBXGroup;
			children = (
				E28AC6A69751E26A61CE41E4 /* libPods-SendBirdChatObjC.a */,
			);
			name = Frameworks;
			sourceTree = "<group>";
		};
		FFA4941B1D639F3600AA1F38 = {
			isa = PBXGroup;
			children = (
				FFA494261D639F3600AA1F38 /* SendBirdChatObjC */,
				FFA494251D639F3600AA1F38 /* Products */,
				89D2F49287EAF7A2ADE79101 /* Pods */,
				B8DAD6AE60728F31660EC5A2 /* Frameworks */,
			);
			sourceTree = "<group>";
		};
		FFA494251D639F3600AA1F38 /* Products */ = {
			isa = PBXGroup;
			children = (
				FFA494241D639F3600AA1F38 /* SendBirdChatObjC.app */,
			);
			name = Products;
			sourceTree = "<group>";
		};
		FFA494261D639F3600AA1F38 /* SendBirdChatObjC */ = {
			isa = PBXGroup;
			children = (
				FFA4942A1D639F3600AA1F38 /* AppDelegate.h */,
				FFA4942B1D639F3600AA1F38 /* AppDelegate.m */,
				FFA4944E1D639FF400AA1F38 /* Models */,
				FFA494441D639FA900AA1F38 /* Views */,
				FFA494301D639F3600AA1F38 /* Main.storyboard */,
				FFA494331D639F3600AA1F38 /* Assets.xcassets */,
				FFA494351D639F3600AA1F38 /* LaunchScreen.storyboard */,
				FFA494381D639F3600AA1F38 /* Info.plist */,
				FFA494271D639F3600AA1F38 /* Supporting Files */,
			);
			path = SendBirdChatObjC;
			sourceTree = "<group>";
		};
		FFA494271D639F3600AA1F38 /* Supporting Files */ = {
			isa = PBXGroup;
			children = (
				FFA494281D639F3600AA1F38 /* main.m */,
			);
			name = "Supporting Files";
			sourceTree = "<group>";
		};
		FFA494441D639FA900AA1F38 /* Views */ = {
			isa = PBXGroup;
			children = (
				FFA4943E1D639F7A00AA1F38 /* ChatHomeViewController.h */,
				FFA4943F1D639F7A00AA1F38 /* ChatHomeViewController.m */,
				FFA494451D639FBB00AA1F38 /* AgoraViewController.h */,
				FFA494461D639FBB00AA1F38 /* AgoraViewController.m */,
				FFA494481D639FCB00AA1F38 /* ChatFriendsTableViewController.h */,
				FFA494491D639FCB00AA1F38 /* ChatFriendsTableViewController.m */,
				FFA4944B1D639FD700AA1F38 /* DirectChatViewController.h */,
				FFA4944C1D639FD700AA1F38 /* DirectChatViewController.m */,
			);
			name = Views;
			sourceTree = "<group>";
		};
		FFA4944E1D639FF400AA1F38 /* Models */ = {
			isa = PBXGroup;
			children = (
				FFA494411D639F9800AA1F38 /* JSQSBMessage.h */,
				FFA494421D639F9800AA1F38 /* JSQSBMessage.m */,
			);
			name = Models;
			sourceTree = "<group>";
		};
/* End PBXGroup section */

/* Begin PBXNativeTarget section */
		FFA494231D639F3600AA1F38 /* SendBirdChatObjC */ = {
			isa = PBXNativeTarget;
			buildConfigurationList = FFA4943B1D639F3600AA1F38 /* Build configuration list for PBXNativeTarget "SendBirdChatObjC" */;
			buildPhases = (
				AB239CD2029474D4848E3DCA /* [CP] Check Pods Manifest.lock */,
				FFA494201D639F3600AA1F38 /* Sources */,
				FFA494211D639F3600AA1F38 /* Frameworks */,
				FFA494221D639F3600AA1F38 /* Resources */,
				F1A559796DA27D8D62BD52FC /* [CP] Embed Pods Frameworks */,
				4471877CF4D10C5E4CEB92E7 /* [CP] Copy Pods Resources */,
			);
			buildRules = (
			);
			dependencies = (
			);
			name = SendBirdChatObjC;
			productName = SendBirdChatObjC;
			productReference = FFA494241D639F3600AA1F38 /* SendBirdChatObjC.app */;
			productType = "com.apple.product-type.application";
		};
/* End PBXNativeTarget section */

/* Begin PBXProject section */
		FFA4941C1D639F3600AA1F38 /* Project object */ = {
			isa = PBXProject;
			attributes = {
				LastUpgradeCheck = 0730;
				ORGANIZATIONNAME = DavidVYPark;
				TargetAttributes = {
					FFA494231D639F3600AA1F38 = {
						CreatedOnToolsVersion = 7.3.1;
					};
				};
			};
			buildConfigurationList = FFA4941F1D639F3600AA1F38 /* Build configuration list for PBXProject "SendBirdChatObjC" */;
			compatibilityVersion = "Xcode 3.2";
			developmentRegion = English;
			hasScannedForEncodings = 0;
			knownRegions = (
				en,
				Base,
			);
			mainGroup = FFA4941B1D639F3600AA1F38;
			productRefGroup = FFA494251D639F3600AA1F38 /* Products */;
			projectDirPath = "";
			projectRoot = "";
			targets = (
				FFA494231D639F3600AA1F38 /* SendBirdChatObjC */,
			);
		};
/* End PBXProject section */

/* Begin PBXResourcesBuildPhase section */
		FFA494221D639F3600AA1F38 /* Resources */ = {
			isa = PBXResourcesBuildPhase;
			buildActionMask = 2147483647;
			files = (
				FFA494371D639F3600AA1F38 /* LaunchScreen.storyboard in Resources */,
				FFA494341D639F3600AA1F38 /* Assets.xcassets in Resources */,
				FFA494321D639F3600AA1F38 /* Main.storyboard in Resources */,
			);
			runOnlyForDeploymentPostprocessing = 0;
		};
/* End PBXResourcesBuildPhase section */

/* Begin PBXShellScriptBuildPhase section */
		4471877CF4D10C5E4CEB92E7 /* [CP] Copy Pods Resources */ = {
			isa = PBXShellScriptBuildPhase;
			buildActionMask = 2147483647;
			files = (
			);
			inputPaths = (
			);
			name = "[CP] Copy Pods Resources";
			outputPaths = (
			);
			runOnlyForDeploymentPostprocessing = 0;
			shellPath = /bin/sh;
			shellScript = "\"${SRCROOT}/Pods/Target Support Files/Pods-SendBirdChatObjC/Pods-SendBirdChatObjC-resources.sh\"\n";
			showEnvVarsInLog = 0;
		};
		AB239CD2029474D4848E3DCA /* [CP] Check Pods Manifest.lock */ = {
			isa = PBXShellScriptBuildPhase;
			buildActionMask = 2147483647;
			files = (
			);
			inputPaths = (
			);
			name = "[CP] Check Pods Manifest.lock";
			outputPaths = (
			);
			runOnlyForDeploymentPostprocessing = 0;
			shellPath = /bin/sh;
			shellScript = "diff \"${PODS_ROOT}/../Podfile.lock\" \"${PODS_ROOT}/Manifest.lock\" > /dev/null\nif [[ $? != 0 ]] ; then\n    cat << EOM\nerror: The sandbox is not in sync with the Podfile.lock. Run 'pod install' or update your CocoaPods installation.\nEOM\n    exit 1\nfi\n";
			showEnvVarsInLog = 0;
		};
		F1A559796DA27D8D62BD52FC /* [CP] Embed Pods Frameworks */ = {
			isa = PBXShellScriptBuildPhase;
			buildActionMask = 2147483647;
			files = (
			);
			inputPaths = (
			);
			name = "[CP] Embed Pods Frameworks";
			outputPaths = (
			);
			runOnlyForDeploymentPostprocessing = 0;
			shellPath = /bin/sh;
			shellScript = "\"${SRCROOT}/Pods/Target Support Files/Pods-SendBirdChatObjC/Pods-SendBirdChatObjC-frameworks.sh\"\n";
			showEnvVarsInLog = 0;
		};
/* End PBXShellScriptBuildPhase section */

/* Begin PBXSourcesBuildPhase section */
		FFA494201D639F3600AA1F38 /* Sources */ = {
			isa = PBXSourcesBuildPhase;
			buildActionMask = 2147483647;
			files = (
				FFA4942C1D639F3600AA1F38 /* AppDelegate.m in Sources */,
				FFA494431D639F9800AA1F38 /* JSQSBMessage.m in Sources */,
				FFA494401D639F7A00AA1F38 /* ChatHomeViewController.m in Sources */,
				FFA494471D639FBB00AA1F38 /* AgoraViewController.m in Sources */,
				FFA4944D1D639FD700AA1F38 /* DirectChatViewController.m in Sources */,
				FFA4944A1D639FCB00AA1F38 /* ChatFriendsTableViewController.m in Sources */,
				FFA494291D639F3600AA1F38 /* main.m in Sources */,
			);
			runOnlyForDeploymentPostprocessing = 0;
		};
/* End PBXSourcesBuildPhase section */

/* Begin PBXVariantGroup section */
		FFA494301D639F3600AA1F38 /* Main.storyboard */ = {
			isa = PBXVariantGroup;
			children = (
				FFA494311D639F3600AA1F38 /* Base */,
			);
			name = Main.storyboard;
			sourceTree = "<group>";
		};
		FFA494351D639F3600AA1F38 /* LaunchScreen.storyboard */ = {
			isa = PBXVariantGroup;
			children = (
				FFA494361D639F3600AA1F38 /* Base */,
			);
			name = LaunchScreen.storyboard;
			sourceTree = "<group>";
		};
/* End PBXVariantGroup section */

/* Begin XCBuildConfiguration section */
		FFA494391D639F3600AA1F38 /* Debug */ = {
			isa = XCBuildConfiguration;
			buildSettings = {
				ALWAYS_SEARCH_USER_PATHS = NO;
				CLANG_ANALYZER_NONNULL = YES;
				CLANG_CXX_LANGUAGE_STANDARD = "gnu++0x";
				CLANG_CXX_LIBRARY = "libc++";
				CLANG_ENABLE_MODULES = YES;
				CLANG_ENABLE_OBJC_ARC = YES;
				CLANG_WARN_BOOL_CONVERSION = YES;
				CLANG_WARN_CONSTANT_CONVERSION = YES;
				CLANG_WARN_DIRECT_OBJC_ISA_USAGE = YES_ERROR;
				CLANG_WARN_EMPTY_BODY = YES;
				CLANG_WARN_ENUM_CONVERSION = YES;
				CLANG_WARN_INT_CONVERSION = YES;
				CLANG_WARN_OBJC_ROOT_CLASS = YES_ERROR;
				CLANG_WARN_UNREACHABLE_CODE = YES;
				CLANG_WARN__DUPLICATE_METHOD_MATCH = YES;
				"CODE_SIGN_IDENTITY[sdk=iphoneos*]" = "iPhone Developer";
				COPY_PHASE_STRIP = NO;
				DEBUG_INFORMATION_FORMAT = dwarf;
				ENABLE_STRICT_OBJC_MSGSEND = YES;
				ENABLE_TESTABILITY = YES;
				GCC_C_LANGUAGE_STANDARD = gnu99;
				GCC_DYNAMIC_NO_PIC = NO;
				GCC_NO_COMMON_BLOCKS = YES;
				GCC_OPTIMIZATION_LEVEL = 0;
				GCC_PREPROCESSOR_DEFINITIONS = (
					"DEBUG=1",
					"$(inherited)",
				);
				GCC_WARN_64_TO_32_BIT_CONVERSION = YES;
				GCC_WARN_ABOUT_RETURN_TYPE = YES_ERROR;
				GCC_WARN_UNDECLARED_SELECTOR = YES;
				GCC_WARN_UNINITIALIZED_AUTOS = YES_AGGRESSIVE;
				GCC_WARN_UNUSED_FUNCTION = YES;
				GCC_WARN_UNUSED_VARIABLE = YES;
				IPHONEOS_DEPLOYMENT_TARGET = 9.3;
				MTL_ENABLE_DEBUG_INFO = YES;
				ONLY_ACTIVE_ARCH = YES;
				SDKROOT = iphoneos;
				TARGETED_DEVICE_FAMILY = "1,2";
			};
			name = Debug;
		};
		FFA4943A1D639F3600AA1F38 /* Release */ = {
			isa = XCBuildConfiguration;
			buildSettings = {
				ALWAYS_SEARCH_USER_PATHS = NO;
				CLANG_ANALYZER_NONNULL = YES;
				CLANG_CXX_LANGUAGE_STANDARD = "gnu++0x";
				CLANG_CXX_LIBRARY = "libc++";
				CLANG_ENABLE_MODULES = YES;
				CLANG_ENABLE_OBJC_ARC = YES;
				CLANG_WARN_BOOL_CONVERSION = YES;
				CLANG_WARN_CONSTANT_CONVERSION = YES;
				CLANG_WARN_DIRECT_OBJC_ISA_USAGE = YES_ERROR;
				CLANG_WARN_EMPTY_BODY = YES;
				CLANG_WARN_ENUM_CONVERSION = YES;
				CLANG_WARN_INT_CONVERSION = YES;
				CLANG_WARN_OBJC_ROOT_CLASS = YES_ERROR;
				CLANG_WARN_UNREACHABLE_CODE = YES;
				CLANG_WARN__DUPLICATE_METHOD_MATCH = YES;
				"CODE_SIGN_IDENTITY[sdk=iphoneos*]" = "iPhone Developer";
				COPY_PHASE_STRIP = NO;
				DEBUG_INFORMATION_FORMAT = "dwarf-with-dsym";
				ENABLE_NS_ASSERTIONS = NO;
				ENABLE_STRICT_OBJC_MSGSEND = YES;
				GCC_C_LANGUAGE_STANDARD = gnu99;
				GCC_NO_COMMON_BLOCKS = YES;
				GCC_WARN_64_TO_32_BIT_CONVERSION = YES;
				GCC_WARN_ABOUT_RETURN_TYPE = YES_ERROR;
				GCC_WARN_UNDECLARED_SELECTOR = YES;
				GCC_WARN_UNINITIALIZED_AUTOS = YES_AGGRESSIVE;
				GCC_WARN_UNUSED_FUNCTION = YES;
				GCC_WARN_UNUSED_VARIABLE = YES;
				IPHONEOS_DEPLOYMENT_TARGET = 9.3;
				MTL_ENABLE_DEBUG_INFO = NO;
				SDKROOT = iphoneos;
				TARGETED_DEVICE_FAMILY = "1,2";
				VALIDATE_PRODUCT = YES;
			};
			name = Release;
		};
		FFA4943C1D639F3600AA1F38 /* Debug */ = {
			isa = XCBuildConfiguration;
			baseConfigurationReference = BF3212A4430E7EBFD2E5112A /* Pods-SendBirdChatObjC.debug.xcconfig */;
			buildSettings = {
				ASSETCATALOG_COMPILER_APPICON_NAME = AppIcon;
				INFOPLIST_FILE = SendBirdChatObjC/Info.plist;
				LD_RUNPATH_SEARCH_PATHS = "$(inherited) @executable_path/Frameworks";
				PRODUCT_BUNDLE_IDENTIFIER = DavidVY.SendBirdChatObjC;
				PRODUCT_NAME = "$(TARGET_NAME)";
			};
			name = Debug;
		};
		FFA4943D1D639F3600AA1F38 /* Release */ = {
			isa = XCBuildConfiguration;
			baseConfigurationReference = 90192E2C191AF2A7148C461B /* Pods-SendBirdChatObjC.release.xcconfig */;
			buildSettings = {
				ASSETCATALOG_COMPILER_APPICON_NAME = AppIcon;
				INFOPLIST_FILE = SendBirdChatObjC/Info.plist;
				LD_RUNPATH_SEARCH_PATHS = "$(inherited) @executable_path/Frameworks";
				PRODUCT_BUNDLE_IDENTIFIER = DavidVY.SendBirdChatObjC;
				PRODUCT_NAME = "$(TARGET_NAME)";
			};
			name = Release;
		};
/* End XCBuildConfiguration section */

/* Begin XCConfigurationList section */
		FFA4941F1D639F3600AA1F38 /* Build configuration list for PBXProject "SendBirdChatObjC" */ = {
			isa = XCConfigurationList;
			buildConfigurations = (
				FFA494391D639F3600AA1F38 /* Debug */,
				FFA4943A1D639F3600AA1F38 /* Release */,
			);
			defaultConfigurationIsVisible = 0;
			defaultConfigurationName = Release;
		};
		FFA4943B1D639F3600AA1F38 /* Build configuration list for PBXNativeTarget "SendBirdChatObjC" */ = {
			isa = XCConfigurationList;
			buildConfigurations = (
				FFA4943C1D639F3600AA1F38 /* Debug */,
				FFA4943D1D639F3600AA1F38 /* Release */,
			);
			defaultConfigurationIsVisible = 0;
			defaultConfigurationName = Release;
		};
/* End XCConfigurationList section */
	};
	rootObject = FFA4941C1D639F3600AA1F38 /* Project object */;
}
